Microsoft Visual Studio Solution File, Format Version 12.00
# Visual Studio Version 17
VisualStudioVersion = 17.5.2.0
MinimumVisualStudioVersion = 10.0.40219.1
Project("{2150E333-8FDC-42A3-9474-1A3956D46DE8}") = "src", "src", "{827E0CD3-B72D-47B6-A68D-7590B98EB39B}"
EndProject
Project("{FAE04EC0-301F-11D3-BF4B-00C04F79EFBC}") = "WindowAnchor", "src\WindowAnchor\WindowAnchor.csproj", "{C1D8C653-6562-400D-9D83-F565601591C9}"
EndProject
Global
	GlobalSection(SolutionConfigurationPlatforms) = preSolution
		Debug|Any CPU = Debug|Any CPU
		Release|Any CPU = Release|Any CPU
	EndGlobalSection
	GlobalSection(ProjectConfigurationPlatforms) = postSolution
		{C1D8C653-6562-400D-9D83-F565601591C9}.Debug|Any CPU.ActiveCfg = Debug|Any CPU
		{C1D8C653-6562-400D-9D83-F565601591C9}.Debug|Any CPU.Build.0 = Debug|Any CPU
		{C1D8C653-6562-400D-9D83-F565601591C9}.Release|Any CPU.ActiveCfg = Release|Any CPU
		{C1D8C653-6562-400D-9D83-F565601591C9}.Release|Any CPU.Build.0 = Release|Any CPU
	EndGlobalSection
	GlobalSection(SolutionProperties) = preSolution
		HideSolutionNode = FALSE
	EndGlobalSection
	GlobalSection(NestedProjects) = preSolution
		{C1D8C653-6562-400D-9D83-F565601591C9} = {827E0CD3-B72D-47B6-A68D-7590B98EB39B}
	EndGlobalSection
	GlobalSection(ExtensibilityGlobals) = postSolution
		SolutionGuid = {8770115F-3D59-40D3-8CB3-90B84D0EFDD9}
	EndGlobalSection
EndGlobal
